schema: '2.0'
stages:
  load_postgres_backup:
    cmd: bash src/1_load_pg_backup.sh
    deps:
    - path: downloads/QSARToolbox46May2023/Database/Toolboxv4v23.backup
      hash: md5
      md5: 152ac7bc3a5facd7d67d56f8cafa9dcd
      size: 2018622255
  write_postgres_to_parquet:
    cmd: src/2_postgres_to_parquet.py
    outs:
    - path: brick
      hash: md5
      md5: 8112dc18a1dc4d3f31b50d39060e4267.dir
      size: 3466627793
      nfiles: 69
  cleanup:
    cmd: bash src/3_cleanup.sh
